
Microsoft Visual Studio Solution File, Format Version 12.00
# Visual Studio Version 16
VisualStudioVersion = 16.0.30114.105
MinimumVisualStudioVersion = 10.0.40219.1
Project("{FAE04EC0-301F-11D3-BF4B-00C04F79EFBC}") = "Inicial", "Inicial\Inicial.csproj", "{D2EF0B53-7FBE-46BE-9CFB-69EB48C0F73E}"
EndProject
Global
	GlobalSection(SolutionConfigurationPlatforms) = preSolution
		Debug|Any CPU = Debug|Any CPU
		Release|Any CPU = Release|Any CPU
	EndGlobalSection
	GlobalSection(ProjectConfigurationPlatforms) = postSolution
		{D2EF0B53-7FBE-46BE-9CFB-69EB48C0F73E}.Debug|Any CPU.ActiveCfg = Debug|Any CPU
		{D2EF0B53-7FBE-46BE-9CFB-69EB48C0F73E}.Debug|Any CPU.Build.0 = Debug|Any CPU
		{D2EF0B53-7FBE-46BE-9CFB-69EB48C0F73E}.Release|Any CPU.ActiveCfg = Release|Any CPU
		{D2EF0B53-7FBE-46BE-9CFB-69EB48C0F73E}.Release|Any CPU.Build.0 = Release|Any CPU
	EndGlobalSection
	GlobalSection(SolutionProperties) = preSolution
		HideSolutionNode = FALSE
	EndGlobalSection
	GlobalSection(ExtensibilityGlobals) = postSolution
		SolutionGuid = {7512870D-818B-4171-AA55-9AA5BEFE3110}
	EndGlobalSection
EndGlobal
