
Microsoft Visual Studio Solution File, Format Version 12.00
# Visual Studio Version 16
VisualStudioVersion = 16.0.28729.10
MinimumVisualStudioVersion = 10.0.40219.1
Project("{FAE04EC0-301F-11D3-BF4B-00C04F79EFBC}") = "BarbeirosDeSucesso.Site", "BarbeirosDeSucesso\BarbeirosDeSucesso.Site.csproj", "{C293EFD1-4108-4DB6-9DCB-9CDAC3798C00}"
EndProject
Project("{FAE04EC0-301F-11D3-BF4B-00C04F79EFBC}") = "BarbeirosDeSucesso.Projeto", "BarbeirosDeSucesso.Projeto\BarbeirosDeSucesso.Projeto.csproj", "{68225CE5-F34B-4D2F-8457-5486C496658A}"
EndProject
Global
	GlobalSection(SolutionConfigurationPlatforms) = preSolution
		Debug|Any CPU = Debug|Any CPU
		Release|Any CPU = Release|Any CPU
	EndGlobalSection
	GlobalSection(ProjectConfigurationPlatforms) = postSolution
		{C293EFD1-4108-4DB6-9DCB-9CDAC3798C00}.Debug|Any CPU.ActiveCfg = Debug|Any CPU
		{C293EFD1-4108-4DB6-9DCB-9CDAC3798C00}.Debug|Any CPU.Build.0 = Debug|Any CPU
		{C293EFD1-4108-4DB6-9DCB-9CDAC3798C00}.Release|Any CPU.ActiveCfg = Release|Any CPU
		{C293EFD1-4108-4DB6-9DCB-9CDAC3798C00}.Release|Any CPU.Build.0 = Release|Any CPU
		{68225CE5-F34B-4D2F-8457-5486C496658A}.Debug|Any CPU.ActiveCfg = Debug|Any CPU
		{68225CE5-F34B-4D2F-8457-5486C496658A}.Debug|Any CPU.Build.0 = Debug|Any CPU
		{68225CE5-F34B-4D2F-8457-5486C496658A}.Release|Any CPU.ActiveCfg = Release|Any CPU
		{68225CE5-F34B-4D2F-8457-5486C496658A}.Release|Any CPU.Build.0 = Release|Any CPU
	EndGlobalSection
	GlobalSection(SolutionProperties) = preSolution
		HideSolutionNode = FALSE
	EndGlobalSection
	GlobalSection(ExtensibilityGlobals) = postSolution
		SolutionGuid = {81C52A12-0C9B-4556-A102-0173EE69CC4C}
	EndGlobalSection
EndGlobal
